// !$*UTF8*$!
{
	archiveVersion = 1;
	classes = {
	};
	objectVersion = 56;
	objects = {

/* Begin PBXBuildFile section */
		1E6AB4E62B6A273F0036803A /* AppDelegate.swift in Sources */ = {isa = PBXBuildFile; fileRef = 1E6AB4E52B6A273F0036803A /* AppDelegate.swift */; };
		1E6AB4E82B6A273F0036803A /* SceneDelegate.swift in Sources */ = {isa = PBXBuildFile; fileRef = 1E6AB4E72B6A273F0036803A /* SceneDelegate.swift */; };
		1E6AB4EA2B6A273F0036803A /* MainViewController.swift in Sources */ = {isa = PBXBuildFile; fileRef = 1E6AB4E92B6A273F0036803A /* MainViewController.swift */; };
		1E6AB4EF2B6A27400036803A /* Assets.xcassets in Resources */ = {isa = PBXBuildFile; fileRef = 1E6AB4EE2B6A27400036803A /* Assets.xcassets */; };
		1E6AB4F22B6A27400036803A /* LaunchScreen.storyboard in Resources */ = {isa = PBXBuildFile; fileRef = 1E6AB4F02B6A27400036803A /* LaunchScreen.storyboard */; };
		1E6AB4FF2B6A28030036803A /* TabBarController.swift in Sources */ = {isa = PBXBuildFile; fileRef = 1E6AB4FE2B6A28030036803A /* TabBarController.swift */; };
		1E6AB5012B6A307F0036803A /* ReviewCollectionView.swift in Sources */ = {isa = PBXBuildFile; fileRef = 1E6AB5002B6A307F0036803A /* ReviewCollectionView.swift */; };
		1E6AB5042B6A31CC0036803A /* Extension - UIView.swift in Sources */ = {isa = PBXBuildFile; fileRef = 1E6AB5032B6A31CC0036803A /* Extension - UIView.swift */; };
		1E6AB5062B6A342E0036803A /* ProfileViewController.swift in Sources */ = {isa = PBXBuildFile; fileRef = 1E6AB5052B6A342E0036803A /* ProfileViewController.swift */; };
		1E6AB5082B6A38110036803A /* BasketViewController.swift in Sources */ = {isa = PBXBuildFile; fileRef = 1E6AB5072B6A38110036803A /* BasketViewController.swift */; };
		1E6AB50B2B6A39310036803A /* CatalogViewController.swift in Sources */ = {isa = PBXBuildFile; fileRef = 1E6AB50A2B6A39310036803A /* CatalogViewController.swift */; };
		1E6AB50D2B6A45760036803A /* CustomNavigationController.swift in Sources */ = {isa = PBXBuildFile; fileRef = 1E6AB50C2B6A45760036803A /* CustomNavigationController.swift */; };
		1E6AB50F2B6A50660036803A /* PriceView.swift in Sources */ = {isa = PBXBuildFile; fileRef = 1E6AB50E2B6A50660036803A /* PriceView.swift */; };
		1E6AB5112B6A6FDD0036803A /* GreenPriceView.swift in Sources */ = {isa = PBXBuildFile; fileRef = 1E6AB5102B6A6FDD0036803A /* GreenPriceView.swift */; };
		1E6AB5132B6A78540036803A /* Values.swift in Sources */ = {isa = PBXBuildFile; fileRef = 1E6AB5122B6A78540036803A /* Values.swift */; };
		1E6AB5152B6A911E0036803A /* ProductCardView.swift in Sources */ = {isa = PBXBuildFile; fileRef = 1E6AB5142B6A911E0036803A /* ProductCardView.swift */; };
		1E6AB5172B6A9FAB0036803A /* Extension - UIStackView.swift in Sources */ = {isa = PBXBuildFile; fileRef = 1E6AB5162B6A9FAB0036803A /* Extension - UIStackView.swift */; };
		1E6AB5192B6ABADD0036803A /* Extesion - UILabel.swift in Sources */ = {isa = PBXBuildFile; fileRef = 1E6AB5182B6ABADD0036803A /* Extesion - UILabel.swift */; };
		1E6AB51B2B6B51FD0036803A /* ReviewsCollectionCell.swift in Sources */ = {isa = PBXBuildFile; fileRef = 1E6AB51A2B6B51FD0036803A /* ReviewsCollectionCell.swift */; };
		1E6AB51D2B6B565F0036803A /* ReviewModel.swift in Sources */ = {isa = PBXBuildFile; fileRef = 1E6AB51C2B6B565F0036803A /* ReviewModel.swift */; };
		1E6AB5232B6B9D120036803A /* ReviewsView.swift in Sources */ = {isa = PBXBuildFile; fileRef = 1E6AB5222B6B9D120036803A /* ReviewsView.swift */; };
		1E6AB5252B6BABF90036803A /* StarView.swift in Sources */ = {isa = PBXBuildFile; fileRef = 1E6AB5242B6BABF90036803A /* StarView.swift */; };
/* End PBXBuildFile section */

/* Begin PBXFileReference section */
		1E6AB4E22B6A273F0036803A /* Spar.app */ = {isa = PBXFileReference; explicitFileType = wrapper.application; includeInIndex = 0; path = Spar.app; sourceTree = BUILT_PRODUCTS_DIR; };
		1E6AB4E52B6A273F0036803A /* AppDelegate.swift */ = {isa = PBXFileReference; lastKnownFileType = sourcecode.swift; path = AppDelegate.swift; sourceTree = "<group>"; };
		1E6AB4E72B6A273F0036803A /* SceneDelegate.swift */ = {isa = PBXFileReference; lastKnownFileType = sourcecode.swift; path = SceneDelegate.swift; sourceTree = "<group>"; };
		1E6AB4E92B6A273F0036803A /* MainViewController.swift */ = {isa = PBXFileReference; lastKnownFileType = sourcecode.swift; path = MainViewController.swift; sourceTree = "<group>"; };
		1E6AB4EE2B6A27400036803A /* Assets.xcassets */ = {isa = PBXFileReference; lastKnownFileType = folder.assetcatalog; path = Assets.xcassets; sourceTree = "<group>"; };
		1E6AB4F12B6A27400036803A /* Base */ = {isa = PBXFileReference; lastKnownFileType = file.storyboard; name = Base; path = Base.lproj/LaunchScreen.storyboard; sourceTree = "<group>"; };
		1E6AB4F32B6A27400036803A /* Info.plist */ = {isa = PBXFileReference; lastKnownFileType = text.plist.xml; path = Info.plist; sourceTree = "<group>"; };
		1E6AB4FE2B6A28030036803A /* TabBarController.swift */ = {isa = PBXFileReference; lastKnownFileType = sourcecode.swift; path = TabBarController.swift; sourceTree = "<group>"; };
		1E6AB5002B6A307F0036803A /* ReviewCollectionView.swift */ = {isa = PBXFileReference; lastKnownFileType = sourcecode.swift; path = ReviewCollectionView.swift; sourceTree = "<group>"; };
		1E6AB5032B6A31CC0036803A /* Extension - UIView.swift */ = {isa = PBXFileReference; lastKnownFileType = sourcecode.swift; path = "Extension - UIView.swift"; sourceTree = "<group>"; };
		1E6AB5052B6A342E0036803A /* ProfileViewController.swift */ = {isa = PBXFileReference; lastKnownFileType = sourcecode.swift; path = ProfileViewController.swift; sourceTree = "<group>"; };
		1E6AB5072B6A38110036803A /* BasketViewController.swift */ = {isa = PBXFileReference; lastKnownFileType = sourcecode.swift; path = BasketViewController.swift; sourceTree = "<group>"; };
		1E6AB50A2B6A39310036803A /* CatalogViewController.swift */ = {isa = PBXFileReference; lastKnownFileType = sourcecode.swift; path = CatalogViewController.swift; sourceTree = "<group>"; };
		1E6AB50C2B6A45760036803A /* CustomNavigationController.swift */ = {isa = PBXFileReference; lastKnownFileType = sourcecode.swift; path = CustomNavigationController.swift; sourceTree = "<group>"; };
		1E6AB50E2B6A50660036803A /* PriceView.swift */ = {isa = PBXFileReference; lastKnownFileType = sourcecode.swift; path = PriceView.swift; sourceTree = "<group>"; };
		1E6AB5102B6A6FDD0036803A /* GreenPriceView.swift */ = {isa = PBXFileReference; lastKnownFileType = sourcecode.swift; path = GreenPriceView.swift; sourceTree = "<group>"; };
		1E6AB5122B6A78540036803A /* Values.swift */ = {isa = PBXFileReference; lastKnownFileType = sourcecode.swift; path = Values.swift; sourceTree = "<group>"; };
		1E6AB5142B6A911E0036803A /* ProductCardView.swift */ = {isa = PBXFileReference; lastKnownFileType = sourcecode.swift; path = ProductCardView.swift; sourceTree = "<group>"; };
		1E6AB5162B6A9FAB0036803A /* Extension - UIStackView.swift */ = {isa = PBXFileReference; lastKnownFileType = sourcecode.swift; path = "Extension - UIStackView.swift"; sourceTree = "<group>"; };
		1E6AB5182B6ABADD0036803A /* Extesion - UILabel.swift */ = {isa = PBXFileReference; lastKnownFileType = sourcecode.swift; path = "Extesion - UILabel.swift"; sourceTree = "<group>"; };
		1E6AB51A2B6B51FD0036803A /* ReviewsCollectionCell.swift */ = {isa = PBXFileReference; lastKnownFileType = sourcecode.swift; path = ReviewsCollectionCell.swift; sourceTree = "<group>"; };
		1E6AB51C2B6B565F0036803A /* ReviewModel.swift */ = {isa = PBXFileReference; lastKnownFileType = sourcecode.swift; path = ReviewModel.swift; sourceTree = "<group>"; };
		1E6AB5222B6B9D120036803A /* ReviewsView.swift */ = {isa = PBXFileReference; lastKnownFileType = sourcecode.swift; path = ReviewsView.swift; sourceTree = "<group>"; };
		1E6AB5242B6BABF90036803A /* StarView.swift */ = {isa = PBXFileReference; lastKnownFileType = sourcecode.swift; path = StarView.swift; sourceTree = "<group>"; };
/* End PBXFileReference section */

/* Begin PBXFrameworksBuildPhase section */
		1E6AB4DF2B6A273F0036803A /* Frameworks */ = {
			isa = PBXFrameworksBuildPhase;
			buildActionMask = 2147483647;
			files = (
			);
			runOnlyForDeploymentPostprocessing = 0;
		};
/* End PBXFrameworksBuildPhase section */

/* Begin PBXGroup section */
		1E6AB4D92B6A273F0036803A = {
			isa = PBXGroup;
			children = (
				1E6AB4E42B6A273F0036803A /* Spar */,
				1E6AB4E32B6A273F0036803A /* Products */,
			);
			sourceTree = "<group>";
		};
		1E6AB4E32B6A273F0036803A /* Products */ = {
			isa = PBXGroup;
			children = (
				1E6AB4E22B6A273F0036803A /* Spar.app */,
			);
			name = Products;
			sourceTree = "<group>";
		};
		1E6AB4E42B6A273F0036803A /* Spar */ = {
			isa = PBXGroup;
			children = (
				1E6AB5022B6A31BA0036803A /* Extension  */,
				1E6AB4FD2B6A27E20036803A /* Support */,
				1E6AB4FC2B6A27D50036803A /* Application */,
				1E6AB4FB2B6A27C40036803A /* Controllers */,
				1E6AB4FA2B6A27BD0036803A /* Models */,
				1E6AB4F92B6A27B20036803A /* Views */,
			);
			path = Spar;
			sourceTree = "<group>";
		};
		1E6AB4F92B6A27B20036803A /* Views */ = {
			isa = PBXGroup;
			children = (
				1E6AB5002B6A307F0036803A /* ReviewCollectionView.swift */,
				1E6AB50E2B6A50660036803A /* PriceView.swift */,
				1E6AB5102B6A6FDD0036803A /* GreenPriceView.swift */,
				1E6AB5142B6A911E0036803A /* ProductCardView.swift */,
				1E6AB51A2B6B51FD0036803A /* ReviewsCollectionCell.swift */,
				1E6AB5222B6B9D120036803A /* ReviewsView.swift */,
				1E6AB5242B6BABF90036803A /* StarView.swift */,
			);
			path = Views;
			sourceTree = "<group>";
		};
		1E6AB4FA2B6A27BD0036803A /* Models */ = {
			isa = PBXGroup;
			children = (
				1E6AB5122B6A78540036803A /* Values.swift */,
				1E6AB51C2B6B565F0036803A /* ReviewModel.swift */,
			);
			path = Models;
			sourceTree = "<group>";
		};
		1E6AB4FB2B6A27C40036803A /* Controllers */ = {
			isa = PBXGroup;
			children = (
				1E6AB51F2B6B7A9E0036803A /* NavigationController */,
				1E6AB51E2B6B7A900036803A /* TabBarController */,
				1E6AB4E92B6A273F0036803A /* MainViewController.swift */,
				1E6AB5052B6A342E0036803A /* ProfileViewController.swift */,
				1E6AB5072B6A38110036803A /* BasketViewController.swift */,
				1E6AB50A2B6A39310036803A /* CatalogViewController.swift */,
			);
			path = Controllers;
			sourceTree = "<group>";
		};
		1E6AB4FC2B6A27D50036803A /* Application */ = {
			isa = PBXGroup;
			children = (
				1E6AB4E52B6A273F0036803A /* AppDelegate.swift */,
				1E6AB4E72B6A273F0036803A /* SceneDelegate.swift */,
			);
			path = Application;
			sourceTree = "<group>";
		};
		1E6AB4FD2B6A27E20036803A /* Support */ = {
			isa = PBXGroup;
			children = (
				1E6AB4F32B6A27400036803A /* Info.plist */,
				1E6AB4F02B6A27400036803A /* LaunchScreen.storyboard */,
				1E6AB4EE2B6A27400036803A /* Assets.xcassets */,
			);
			path = Support;
			sourceTree = "<group>";
		};
		1E6AB5022B6A31BA0036803A /* Extension  */ = {
			isa = PBXGroup;
			children = (
				1E6AB5032B6A31CC0036803A /* Extension - UIView.swift */,
				1E6AB5162B6A9FAB0036803A /* Extension - UIStackView.swift */,
				1E6AB5182B6ABADD0036803A /* Extesion - UILabel.swift */,
			);
			path = "Extension ";
			sourceTree = "<group>";
		};
		1E6AB51E2B6B7A900036803A /* TabBarController */ = {
			isa = PBXGroup;
			children = (
				1E6AB4FE2B6A28030036803A /* TabBarController.swift */,
			);
			path = TabBarController;
			sourceTree = "<group>";
		};
		1E6AB51F2B6B7A9E0036803A /* NavigationController */ = {
			isa = PBXGroup;
			children = (
				1E6AB50C2B6A45760036803A /* CustomNavigationController.swift */,
			);
			path = NavigationController;
			sourceTree = "<group>";
		};
/* End PBXGroup section */

/* Begin PBXNativeTarget section */
		1E6AB4E12B6A273F0036803A /* Spar */ = {
			isa = PBXNativeTarget;
			buildConfigurationList = 1E6AB4F62B6A27400036803A /* Build configuration list for PBXNativeTarget "Spar" */;
			buildPhases = (
				1E6AB4DE2B6A273F0036803A /* Sources */,
				1E6AB4DF2B6A273F0036803A /* Frameworks */,
				1E6AB4E02B6A273F0036803A /* Resources */,
			);
			buildRules = (
			);
			dependencies = (
			);
			name = Spar;
			productName = Spar;
			productReference = 1E6AB4E22B6A273F0036803A /* Spar.app */;
			productType = "com.apple.product-type.application";
		};
/* End PBXNativeTarget section */

/* Begin PBXProject section */
		1E6AB4DA2B6A273F0036803A /* Project object */ = {
			isa = PBXProject;
			attributes = {
				BuildIndependentTargetsInParallel = 1;
				LastSwiftUpdateCheck = 1520;
				LastUpgradeCheck = 1520;
				TargetAttributes = {
					1E6AB4E12B6A273F0036803A = {
						CreatedOnToolsVersion = 15.2;
					};
				};
			};
			buildConfigurationList = 1E6AB4DD2B6A273F0036803A /* Build configuration list for PBXProject "Spar" */;
			compatibilityVersion = "Xcode 14.0";
			developmentRegion = en;
			hasScannedForEncodings = 0;
			knownRegions = (
				en,
				Base,
			);
			mainGroup = 1E6AB4D92B6A273F0036803A;
			productRefGroup = 1E6AB4E32B6A273F0036803A /* Products */;
			projectDirPath = "";
			projectRoot = "";
			targets = (
				1E6AB4E12B6A273F0036803A /* Spar */,
			);
		};
/* End PBXProject section */

/* Begin PBXResourcesBuildPhase section */
		1E6AB4E02B6A273F0036803A /* Resources */ = {
			isa = PBXResourcesBuildPhase;
			buildActionMask = 2147483647;
			files = (
				1E6AB4F22B6A27400036803A /* LaunchScreen.storyboard in Resources */,
				1E6AB4EF2B6A27400036803A /* Assets.xcassets in Resources */,
			);
			runOnlyForDeploymentPostprocessing = 0;
		};
/* End PBXResourcesBuildPhase section */

/* Begin PBXSourcesBuildPhase section */
		1E6AB4DE2B6A273F0036803A /* Sources */ = {
			isa = PBXSourcesBuildPhase;
			buildActionMask = 2147483647;
			files = (
				1E6AB5042B6A31CC0036803A /* Extension - UIView.swift in Sources */,
				1E6AB4EA2B6A273F0036803A /* MainViewController.swift in Sources */,
				1E6AB5232B6B9D120036803A /* ReviewsView.swift in Sources */,
				1E6AB5112B6A6FDD0036803A /* GreenPriceView.swift in Sources */,
				1E6AB51B2B6B51FD0036803A /* ReviewsCollectionCell.swift in Sources */,
				1E6AB4FF2B6A28030036803A /* TabBarController.swift in Sources */,
				1E6AB50F2B6A50660036803A /* PriceView.swift in Sources */,
				1E6AB4E62B6A273F0036803A /* AppDelegate.swift in Sources */,
				1E6AB5152B6A911E0036803A /* ProductCardView.swift in Sources */,
				1E6AB5062B6A342E0036803A /* ProfileViewController.swift in Sources */,
				1E6AB5012B6A307F0036803A /* ReviewCollectionView.swift in Sources */,
				1E6AB5132B6A78540036803A /* Values.swift in Sources */,
				1E6AB50D2B6A45760036803A /* CustomNavigationController.swift in Sources */,
				1E6AB5172B6A9FAB0036803A /* Extension - UIStackView.swift in Sources */,
				1E6AB50B2B6A39310036803A /* CatalogViewController.swift in Sources */,
				1E6AB5192B6ABADD0036803A /* Extesion - UILabel.swift in Sources */,
				1E6AB5082B6A38110036803A /* BasketViewController.swift in Sources */,
				1E6AB4E82B6A273F0036803A /* SceneDelegate.swift in Sources */,
				1E6AB5252B6BABF90036803A /* StarView.swift in Sources */,
				1E6AB51D2B6B565F0036803A /* ReviewModel.swift in Sources */,
			);
			runOnlyForDeploymentPostprocessing = 0;
		};
/* End PBXSourcesBuildPhase section */

/* Begin PBXVariantGroup section */
		1E6AB4F02B6A27400036803A /* LaunchScreen.storyboard */ = {
			isa = PBXVariantGroup;
			children = (
				1E6AB4F12B6A27400036803A /* Base */,
			);
			name = LaunchScreen.storyboard;
			sourceTree = "<group>";
		};
/* End PBXVariantGroup section */

/* Begin XCBuildConfiguration section */
		1E6AB4F42B6A27400036803A /* Debug */ = {
			isa = XCBuildConfiguration;
			buildSettings = {
				ALWAYS_SEARCH_USER_PATHS = NO;
				ASSETCATALOG_COMPILER_GENERATE_SWIFT_ASSET_SYMBOL_EXTENSIONS = YES;
				CLANG_ANALYZER_NONNULL = YES;
				CLANG_ANALYZER_NUMBER_OBJECT_CONVERSION = YES_AGGRESSIVE;
				CLANG_CXX_LANGUAGE_STANDARD = "gnu++20";
				CLANG_ENABLE_MODULES = YES;
				CLANG_ENABLE_OBJC_ARC = YES;
				CLANG_ENABLE_OBJC_WEAK = YES;
				CLANG_WARN_BLOCK_CAPTURE_AUTORELEASING = YES;
				CLANG_WARN_BOOL_CONVERSION = YES;
				CLANG_WARN_COMMA = YES;
				CLANG_WARN_CONSTANT_CONVERSION = YES;
				CLANG_WARN_DEPRECATED_OBJC_IMPLEMENTATIONS = YES;
				CLANG_WARN_DIRECT_OBJC_ISA_USAGE = YES_ERROR;
				CLANG_WARN_DOCUMENTATION_COMMENTS = YES;
				CLANG_WARN_EMPTY_BODY = YES;
				CLANG_WARN_ENUM_CONVERSION = YES;
				CLANG_WARN_INFINITE_RECURSION = YES;
				CLANG_WARN_INT_CONVERSION = YES;
				CLANG_WARN_NON_LITERAL_NULL_CONVERSION = YES;
				CLANG_WARN_OBJC_IMPLICIT_RETAIN_SELF = YES;
				CLANG_WARN_OBJC_LITERAL_CONVERSION = YES;
				CLANG_WARN_OBJC_ROOT_CLASS = YES_ERROR;
				CLANG_WARN_QUOTED_INCLUDE_IN_FRAMEWORK_HEADER = YES;
				CLANG_WARN_RANGE_LOOP_ANALYSIS = YES;
				CLANG_WARN_STRICT_PROTOTYPES = YES;
				CLANG_WARN_SUSPICIOUS_MOVE = YES;
				CLANG_WARN_UNGUARDED_AVAILABILITY = YES_AGGRESSIVE;
				CLANG_WARN_UNREACHABLE_CODE = YES;
				CLANG_WARN__DUPLICATE_METHOD_MATCH = YES;
				COPY_PHASE_STRIP = NO;
				DEBUG_INFORMATION_FORMAT = dwarf;
				ENABLE_STRICT_OBJC_MSGSEND = YES;
				ENABLE_TESTABILITY = YES;
				ENABLE_USER_SCRIPT_SANDBOXING = YES;
				GCC_C_LANGUAGE_STANDARD = gnu17;
				GCC_DYNAMIC_NO_PIC = NO;
				GCC_NO_COMMON_BLOCKS = YES;
				GCC_OPTIMIZATION_LEVEL = 0;
				GCC_PREPROCESSOR_DEFINITIONS = (
					"DEBUG=1",
					"$(inherited)",
				);
				GCC_WARN_64_TO_32_BIT_CONVERSION = YES;
				GCC_WARN_ABOUT_RETURN_TYPE = YES_ERROR;
				GCC_WARN_UNDECLARED_SELECTOR = YES;
				GCC_WARN_UNINITIALIZED_AUTOS = YES_AGGRESSIVE;
				GCC_WARN_UNUSED_FUNCTION = YES;
				GCC_WARN_UNUSED_VARIABLE = YES;
				IPHONEOS_DEPLOYMENT_TARGET = 14.0;
				LOCALIZATION_PREFERS_STRING_CATALOGS = YES;
				MTL_ENABLE_DEBUG_INFO = INCLUDE_SOURCE;
				MTL_FAST_MATH = YES;
				ONLY_ACTIVE_ARCH = YES;
				SDKROOT = iphoneos;
				SWIFT_ACTIVE_COMPILATION_CONDITIONS = "DEBUG $(inherited)";
				SWIFT_OPTIMIZATION_LEVEL = "-Onone";
			};
			name = Debug;
		};
		1E6AB4F52B6A27400036803A /* Release */ = {
			isa = XCBuildConfiguration;
			buildSettings = {
				ALWAYS_SEARCH_USER_PATHS = NO;
				ASSETCATALOG_COMPILER_GENERATE_SWIFT_ASSET_SYMBOL_EXTENSIONS = YES;
				CLANG_ANALYZER_NONNULL = YES;
				CLANG_ANALYZER_NUMBER_OBJECT_CONVERSION = YES_AGGRESSIVE;
				CLANG_CXX_LANGUAGE_STANDARD = "gnu++20";
				CLANG_ENABLE_MODULES = YES;
				CLANG_ENABLE_OBJC_ARC = YES;
				CLANG_ENABLE_OBJC_WEAK = YES;
				CLANG_WARN_BLOCK_CAPTURE_AUTORELEASING = YES;
				CLANG_WARN_BOOL_CONVERSION = YES;
				CLANG_WARN_COMMA = YES;
				CLANG_WARN_CONSTANT_CONVERSION = YES;
				CLANG_WARN_DEPRECATED_OBJC_IMPLEMENTATIONS = YES;
				CLANG_WARN_DIRECT_OBJC_ISA_USAGE = YES_ERROR;
				CLANG_WARN_DOCUMENTATION_COMMENTS = YES;
				CLANG_WARN_EMPTY_BODY = YES;
				CLANG_WARN_ENUM_CONVERSION = YES;
				CLANG_WARN_INFINITE_RECURSION = YES;
				CLANG_WARN_INT_CONVERSION = YES;
				CLANG_WARN_NON_LITERAL_NULL_CONVERSION = YES;
				CLANG_WARN_OBJC_IMPLICIT_RETAIN_SELF = YES;
				CLANG_WARN_OBJC_LITERAL_CONVERSION = YES;
				CLANG_WARN_OBJC_ROOT_CLASS = YES_ERROR;
				CLANG_WARN_QUOTED_INCLUDE_IN_FRAMEWORK_HEADER = YES;
				CLANG_WARN_RANGE_LOOP_ANALYSIS = YES;
				CLANG_WARN_STRICT_PROTOTYPES = YES;
				CLANG_WARN_SUSPICIOUS_MOVE = YES;
				CLANG_WARN_UNGUARDED_AVAILABILITY = YES_AGGRESSIVE;
				CLANG_WARN_UNREACHABLE_CODE = YES;
				CLANG_WARN__DUPLICATE_METHOD_MATCH = YES;
				COPY_PHASE_STRIP = NO;
				DEBUG_INFORMATION_FORMAT = "dwarf-with-dsym";
				ENABLE_NS_ASSERTIONS = NO;
				ENABLE_STRICT_OBJC_MSGSEND = YES;
				ENABLE_USER_SCRIPT_SANDBOXING = YES;
				GCC_C_LANGUAGE_STANDARD = gnu17;
				GCC_NO_COMMON_BLOCKS = YES;
				GCC_WARN_64_TO_32_BIT_CONVERSION = YES;
				GCC_WARN_ABOUT_RETURN_TYPE = YES_ERROR;
				GCC_WARN_UNDECLARED_SELECTOR = YES;
				GCC_WARN_UNINITIALIZED_AUTOS = YES_AGGRESSIVE;
				GCC_WARN_UNUSED_FUNCTION = YES;
				GCC_WARN_UNUSED_VARIABLE = YES;
				IPHONEOS_DEPLOYMENT_TARGET = 14.0;
				LOCALIZATION_PREFERS_STRING_CATALOGS = YES;
				MTL_ENABLE_DEBUG_INFO = NO;
				MTL_FAST_MATH = YES;
				SDKROOT = iphoneos;
				SWIFT_COMPILATION_MODE = wholemodule;
				VALIDATE_PRODUCT = YES;
			};
			name = Release;
		};
		1E6AB4F72B6A27400036803A /* Debug */ = {
			isa = XCBuildConfiguration;
			buildSettings = {
				ASSETCATALOG_COMPILER_APPICON_NAME = AppIcon;
				ASSETCATALOG_COMPILER_GLOBAL_ACCENT_COLOR_NAME = AccentColor;
				CODE_SIGN_STYLE = Automatic;
				CURRENT_PROJECT_VERSION = 1;
				DEVELOPMENT_TEAM = 4HU57HU93W;
				GENERATE_INFOPLIST_FILE = YES;
				INFOPLIST_FILE = Spar/Support/Info.plist;
				INFOPLIST_KEY_UIApplicationSupportsIndirectInputEvents = YES;
				INFOPLIST_KEY_UILaunchStoryboardName = LaunchScreen;
				INFOPLIST_KEY_UIMainStoryboardFile = "";
				INFOPLIST_KEY_UISupportedInterfaceOrientations_iPad = "UIInterfaceOrientationPortrait UIInterfaceOrientationPortraitUpsideDown UIInterfaceOrientationLandscapeLeft UIInterfaceOrientationLandscapeRight";
				INFOPLIST_KEY_UISupportedInterfaceOrientations_iPhone = "UIInterfaceOrientationPortrait UIInterfaceOrientationLandscapeLeft UIInterfaceOrientationLandscapeRight";
				IPHONEOS_DEPLOYMENT_TARGET = 14.0;
				LD_RUNPATH_SEARCH_PATHS = (
					"$(inherited)",
					"@executable_path/Frameworks",
				);
				MARKETING_VERSION = 1.0;
				PRODUCT_BUNDLE_IDENTIFIER = app.NS.Spar.Spar;
				PRODUCT_NAME = "$(TARGET_NAME)";
				SUPPORTED_PLATFORMS = "iphoneos iphonesimulator";
				SUPPORTS_MACCATALYST = NO;
				SUPPORTS_MAC_DESIGNED_FOR_IPHONE_IPAD = NO;
				SUPPORTS_XR_DESIGNED_FOR_IPHONE_IPAD = NO;
				SWIFT_EMIT_LOC_STRINGS = YES;
				SWIFT_VERSION = 5.0;
				TARGETED_DEVICE_FAMILY = 1;
			};
			name = Debug;
		};
		1E6AB4F82B6A27400036803A /* Release */ = {
			isa = XCBuildConfiguration;
			buildSettings = {
				ASSETCATALOG_COMPILER_APPICON_NAME = AppIcon;
				ASSETCATALOG_COMPILER_GLOBAL_ACCENT_COLOR_NAME = AccentColor;
				CODE_SIGN_STYLE = Automatic;
				CURRENT_PROJECT_VERSION = 1;
				DEVELOPMENT_TEAM = 4HU57HU93W;
				GENERATE_INFOPLIST_FILE = YES;
				INFOPLIST_FILE = Spar/Support/Info.plist;
				INFOPLIST_KEY_UIApplicationSupportsIndirectInputEvents = YES;
				INFOPLIST_KEY_UILaunchStoryboardName = LaunchScreen;
				INFOPLIST_KEY_UIMainStoryboardFile = "";
				INFOPLIST_KEY_UISupportedInterfaceOrientations_iPad = "UIInterfaceOrientationPortrait UIInterfaceOrientationPortraitUpsideDown UIInterfaceOrientationLandscapeLeft UIInterfaceOrientationLandscapeRight";
				INFOPLIST_KEY_UISupportedInterfaceOrientations_iPhone = "UIInterfaceOrientationPortrait UIInterfaceOrientationLandscapeLeft UIInterfaceOrientationLandscapeRight";
				IPHONEOS_DEPLOYMENT_TARGET = 14.0;
				LD_RUNPATH_SEARCH_PATHS = (
					"$(inherited)",
					"@executable_path/Frameworks",
				);
				MARKETING_VERSION = 1.0;
				PRODUCT_BUNDLE_IDENTIFIER = app.NS.Spar.Spar;
				PRODUCT_NAME = "$(TARGET_NAME)";
				SUPPORTED_PLATFORMS = "iphoneos iphonesimulator";
				SUPPORTS_MACCATALYST = NO;
				SUPPORTS_MAC_DESIGNED_FOR_IPHONE_IPAD = NO;
				SUPPORTS_XR_DESIGNED_FOR_IPHONE_IPAD = NO;
				SWIFT_EMIT_LOC_STRINGS = YES;
				SWIFT_VERSION = 5.0;
				TARGETED_DEVICE_FAMILY = 1;
			};
			name = Release;
		};
/* End XCBuildConfiguration section */

/* Begin XCConfigurationList section */
		1E6AB4DD2B6A273F0036803A /* Build configuration list for PBXProject "Spar" */ = {
			isa = XCConfigurationList;
			buildConfigurations = (
				1E6AB4F42B6A27400036803A /* Debug */,
				1E6AB4F52B6A27400036803A /* Release */,
			);
			defaultConfigurationIsVisible = 0;
			defaultConfigurationName = Release;
		};
		1E6AB4F62B6A27400036803A /* Build configuration list for PBXNativeTarget "Spar" */ = {
			isa = XCConfigurationList;
			buildConfigurations = (
				1E6AB4F72B6A27400036803A /* Debug */,
				1E6AB4F82B6A27400036803A /* Release */,
			);
			defaultConfigurationIsVisible = 0;
			defaultConfigurationName = Release;
		};
/* End XCConfigurationList section */
	};
	rootObject = 1E6AB4DA2B6A273F0036803A /* Project object */;
}
